
Microsoft Visual Studio Solution File, Format Version 12.00
# Visual Studio Version 16
VisualStudioVersion = 16.0.29613.14
MinimumVisualStudioVersion = 10.0.40219.1
Project("{FAE04EC0-301F-11D3-BF4B-00C04F79EFBC}") = "TestProject01", "TestProject01\TestProject01.csproj", "{B8CE14A5-D926-4646-949E-EE09F1790D00}"
EndProject
Global
	GlobalSection(SolutionConfigurationPlatforms) = preSolution
		Debug|Any CPU = Debug|Any CPU
		Release|Any CPU = Release|Any CPU
	EndGlobalSection
	GlobalSection(ProjectConfigurationPlatforms) = postSolution
		{B8CE14A5-D926-4646-949E-EE09F1790D00}.Debug|Any CPU.ActiveCfg = Debug|Any CPU
		{B8CE14A5-D926-4646-949E-EE09F1790D00}.Debug|Any CPU.Build.0 = Debug|Any CPU
		{B8CE14A5-D926-4646-949E-EE09F1790D00}.Release|Any CPU.ActiveCfg = Release|Any CPU
		{B8CE14A5-D926-4646-949E-EE09F1790D00}.Release|Any CPU.Build.0 = Release|Any CPU
	EndGlobalSection
	GlobalSection(SolutionProperties) = preSolution
		HideSolutionNode = FALSE
	EndGlobalSection
	GlobalSection(ExtensibilityGlobals) = postSolution
		SolutionGuid = {0EE78E99-A616-4048-95DA-F2168300342E}
	EndGlobalSection
EndGlobal
